
Microsoft Visual Studio Solution File, Format Version 11.00
# Visual Studio 2010
Project("{8BC9CEB8-8B4A-11D0-8D11-00A0C91BC942}") = "Example_Resolve_Exercise", "Example_Resolve_Exercise\Example_Resolve_Exercise.vcxproj", "{BFD39D4C-4168-49B3-868B-74354AEF69DA}"
EndProject
Project("{8BC9CEB8-8B4A-11D0-8D11-00A0C91BC942}") = "ExerciseString", "ExerciseString\ExerciseString.vcxproj", "{0295DE3B-79C8-44F8-9466-16ED7661B5B0}"
EndProject
Global
	GlobalSection(SolutionConfigurationPlatforms) = preSolution
		Debug|Win32 = Debug|Win32
		Release|Win32 = Release|Win32
	EndGlobalSection
	GlobalSection(ProjectConfigurationPlatforms) = postSolution
		{BFD39D4C-4168-49B3-868B-74354AEF69DA}.Debug|Win32.ActiveCfg = Debug|Win32
		{BFD39D4C-4168-49B3-868B-74354AEF69DA}.Debug|Win32.Build.0 = Debug|Win32
		{BFD39D4C-4168-49B3-868B-74354AEF69DA}.Release|Win32.ActiveCfg = Release|Win32
		{BFD39D4C-4168-49B3-868B-74354AEF69DA}.Release|Win32.Build.0 = Release|Win32
		{0295DE3B-79C8-44F8-9466-16ED7661B5B0}.Debug|Win32.ActiveCfg = Debug|Win32
		{0295DE3B-79C8-44F8-9466-16ED7661B5B0}.Debug|Win32.Build.0 = Debug|Win32
		{0295DE3B-79C8-44F8-9466-16ED7661B5B0}.Release|Win32.ActiveCfg = Release|Win32
		{0295DE3B-79C8-44F8-9466-16ED7661B5B0}.Release|Win32.Build.0 = Release|Win32
	EndGlobalSection
	GlobalSection(SolutionProperties) = preSolution
		HideSolutionNode = FALSE
	EndGlobalSection
EndGlobal
